{
  "object": {
    "pins": [
      {
        "package": "MarqueeLabel",
        "repositoryURL": "https://github.com/martinmaly21/MarqueeLabel",
        "state": {
          "branch": null,
          "revision": "56347f370ef4400e388396e0ee53e3ca2e3882ef",
          "version": null
        }
      },
      {
        "package": "SnapKit",
        "repositoryURL": "https://github.com/SnapKit/SnapKit",
        "state": {
          "branch": null,
          "revision": "e74fe2a978d1216c3602b129447c7301573cc2d8",
          "version": "5.7.0"
        }
      }
    ]
  },
  "version": 1
}
